// !$*UTF8*$!
{
	archiveVersion = 1;
	classes = {
	};
	objectVersion = 77;
	objects = {

/* Begin PBXBuildFile section */
		809E855B2C785EE2007721DC /* README.md in Resources */ = {isa = PBXBuildFile; fileRef = 809E85522C785EE2007721DC /* README.md */; };
		809E85772C786375007721DC /* .gitignore in Resources */ = {isa = PBXBuildFile; fileRef = 809E85762C78636F007721DC /* .gitignore */; };
/* End PBXBuildFile section */

/* Begin PBXContainerItemProxy section */
		809E85292C785DBB007721DC /* PBXContainerItemProxy */ = {
			isa = PBXContainerItemProxy;
			containerPortal = 809E85102C785DBA007721DC /* Project object */;
			proxyType = 1;
			remoteGlobalIDString = 809E85172C785DBA007721DC;
			remoteInfo = AppleLandmarks;
		};
		809E85332C785DBB007721DC /* PBXContainerItemProxy */ = {
			isa = PBXContainerItemProxy;
			containerPortal = 809E85102C785DBA007721DC /* Project object */;
			proxyType = 1;
			remoteGlobalIDString = 809E85172C785DBA007721DC;
			remoteInfo = AppleLandmarks;
		};
/* End PBXContainerItemProxy section */

/* Begin PBXFileReference section */
		809E85182C785DBA007721DC /* AppleLandmarks.app */ = {isa = PBXFileReference; explicitFileType = wrapper.application; includeInIndex = 0; path = AppleLandmarks.app; sourceTree = BUILT_PRODUCTS_DIR; };
		809E85282C785DBB007721DC /* AppleLandmarksTests.xctest */ = {isa = PBXFileReference; explicitFileType = wrapper.cfbundle; includeInIndex = 0; path = AppleLandmarksTests.xctest; sourceTree = BUILT_PRODUCTS_DIR; };
		809E85322C785DBB007721DC /* AppleLandmarksUITests.xctest */ = {isa = PBXFileReference; explicitFileType = wrapper.cfbundle; includeInIndex = 0; path = AppleLandmarksUITests.xctest; sourceTree = BUILT_PRODUCTS_DIR; };
		809E85522C785EE2007721DC /* README.md */ = {isa = PBXFileReference; lastKnownFileType = net.daringfireball.markdown; path = README.md; sourceTree = "<group>"; };
		809E85762C78636F007721DC /* .gitignore */ = {isa = PBXFileReference; lastKnownFileType = text; path = .gitignore; sourceTree = "<group>"; };
/* End PBXFileReference section */

/* Begin PBXFileSystemSynchronizedRootGroup section */
		809E851A2C785DBA007721DC /* AppleLandmarks */ = {
			isa = PBXFileSystemSynchronizedRootGroup;
			path = AppleLandmarks;
			sourceTree = "<group>";
		};
		809E852B2C785DBB007721DC /* AppleLandmarksTests */ = {
			isa = PBXFileSystemSynchronizedRootGroup;
			path = AppleLandmarksTests;
			sourceTree = "<group>";
		};
		809E85352C785DBB007721DC /* AppleLandmarksUITests */ = {
			isa = PBXFileSystemSynchronizedRootGroup;
			path = AppleLandmarksUITests;
			sourceTree = "<group>";
		};
/* End PBXFileSystemSynchronizedRootGroup section */

/* Begin PBXFrameworksBuildPhase section */
		809E85152C785DBA007721DC /* Frameworks */ = {
			isa = PBXFrameworksBuildPhase;
			buildActionMask = 2147483647;
			files = (
			);
			runOnlyForDeploymentPostprocessing = 0;
		};
		809E85252C785DBB007721DC /* Frameworks */ = {
			isa = PBXFrameworksBuildPhase;
			buildActionMask = 2147483647;
			files = (
			);
			runOnlyForDeploymentPostprocessing = 0;
		};
		809E852F2C785DBB007721DC /* Frameworks */ = {
			isa = PBXFrameworksBuildPhase;
			buildActionMask = 2147483647;
			files = (
			);
			runOnlyForDeploymentPostprocessing = 0;
		};
/* End PBXFrameworksBuildPhase section */

/* Begin PBXGroup section */
		809E850F2C785DBA007721DC = {
			isa = PBXGroup;
			children = (
				809E85762C78636F007721DC /* .gitignore */,
				809E85522C785EE2007721DC /* README.md */,
				809E851A2C785DBA007721DC /* AppleLandmarks */,
				809E852B2C785DBB007721DC /* AppleLandmarksTests */,
				809E85352C785DBB007721DC /* AppleLandmarksUITests */,
				809E85192C785DBA007721DC /* Products */,
			);
			sourceTree = "<group>";
		};
		809E85192C785DBA007721DC /* Products */ = {
			isa = PBXGroup;
			children = (
				809E85182C785DBA007721DC /* AppleLandmarks.app */,
				809E85282C785DBB007721DC /* AppleLandmarksTests.xctest */,
				809E85322C785DBB007721DC /* AppleLandmarksUITests.xctest */,
			);
			name = Products;
			sourceTree = "<group>";
		};
/* End PBXGroup section */

/* Begin PBXNativeTarget section */
		809E85172C785DBA007721DC /* AppleLandmarks */ = {
			isa = PBXNativeTarget;
			buildConfigurationList = 809E853C2C785DBB007721DC /* Build configuration list for PBXNativeTarget "AppleLandmarks" */;
			buildPhases = (
				809E85142C785DBA007721DC /* Sources */,
				809E85152C785DBA007721DC /* Frameworks */,
				809E85162C785DBA007721DC /* Resources */,
			);
			buildRules = (
			);
			dependencies = (
			);
			fileSystemSynchronizedGroups = (
				809E851A2C785DBA007721DC /* AppleLandmarks */,
			);
			name = AppleLandmarks;
			packageProductDependencies = (
			);
			productName = AppleLandmarks;
			productReference = 809E85182C785DBA007721DC /* AppleLandmarks.app */;
			productType = "com.apple.product-type.application";
		};
		809E85272C785DBB007721DC /* AppleLandmarksTests */ = {
			isa = PBXNativeTarget;
			buildConfigurationList = 809E853F2C785DBB007721DC /* Build configuration list for PBXNativeTarget "AppleLandmarksTests" */;
			buildPhases = (
				809E85242C785DBB007721DC /* Sources */,
				809E85252C785DBB007721DC /* Frameworks */,
				809E85262C785DBB007721DC /* Resources */,
			);
			buildRules = (
			);
			dependencies = (
				809E852A2C785DBB007721DC /* PBXTargetDependency */,
			);
			fileSystemSynchronizedGroups = (
				809E852B2C785DBB007721DC /* AppleLandmarksTests */,
			);
			name = AppleLandmarksTests;
			packageProductDependencies = (
			);
			productName = AppleLandmarksTests;
			productReference = 809E85282C785DBB007721DC /* AppleLandmarksTests.xctest */;
			productType = "com.apple.product-type.bundle.unit-test";
		};
		809E85312C785DBB007721DC /* AppleLandmarksUITests */ = {
			isa = PBXNativeTarget;
			buildConfigurationList = 809E85422C785DBB007721DC /* Build configuration list for PBXNativeTarget "AppleLandmarksUITests" */;
			buildPhases = (
				809E852E2C785DBB007721DC /* Sources */,
				809E852F2C785DBB007721DC /* Frameworks */,
				809E85302C785DBB007721DC /* Resources */,
			);
			buildRules = (
			);
			dependencies = (
				809E85342C785DBB007721DC /* PBXTargetDependency */,
			);
			fileSystemSynchronizedGroups = (
				809E85352C785DBB007721DC /* AppleLandmarksUITests */,
			);
			name = AppleLandmarksUITests;
			packageProductDependencies = (
			);
			productName = AppleLandmarksUITests;
			productReference = 809E85322C785DBB007721DC /* AppleLandmarksUITests.xctest */;
			productType = "com.apple.product-type.bundle.ui-testing";
		};
/* End PBXNativeTarget section */

/* Begin PBXProject section */
		809E85102C785DBA007721DC /* Project object */ = {
			isa = PBXProject;
			attributes = {
				BuildIndependentTargetsInParallel = 1;
				LastSwiftUpdateCheck = 1610;
				LastUpgradeCheck = 1610;
				TargetAttributes = {
					809E85172C785DBA007721DC = {
						CreatedOnToolsVersion = 16.1;
					};
					809E85272C785DBB007721DC = {
						CreatedOnToolsVersion = 16.1;
						TestTargetID = 809E85172C785DBA007721DC;
					};
					809E85312C785DBB007721DC = {
						CreatedOnToolsVersion = 16.1;
						TestTargetID = 809E85172C785DBA007721DC;
					};
				};
			};
			buildConfigurationList = 809E85132C785DBA007721DC /* Build configuration list for PBXProject "AppleLandmarks" */;
			developmentRegion = en;
			hasScannedForEncodings = 0;
			knownRegions = (
				en,
				Base,
			);
			mainGroup = 809E850F2C785DBA007721DC;
			minimizedProjectReferenceProxies = 1;
			preferredProjectObjectVersion = 77;
			productRefGroup = 809E85192C785DBA007721DC /* Products */;
			projectDirPath = "";
			projectRoot = "";
			targets = (
				809E85172C785DBA007721DC /* AppleLandmarks */,
				809E85272C785DBB007721DC /* AppleLandmarksTests */,
				809E85312C785DBB007721DC /* AppleLandmarksUITests */,
			);
		};
/* End PBXProject section */

/* Begin PBXResourcesBuildPhase section */
		809E85162C785DBA007721DC /* Resources */ = {
			isa = PBXResourcesBuildPhase;
			buildActionMask = 2147483647;
			files = (
				809E85772C786375007721DC /* .gitignore in Resources */,
				809E855B2C785EE2007721DC /* README.md in Resources */,
			);
			runOnlyForDeploymentPostprocessing = 0;
		};
		809E85262C785DBB007721DC /* Resources */ = {
			isa = PBXResourcesBuildPhase;
			buildActionMask = 2147483647;
			files = (
			);
			runOnlyForDeploymentPostprocessing = 0;
		};
		809E85302C785DBB007721DC /* Resources */ = {
			isa = PBXResourcesBuildPhase;
			buildActionMask = 2147483647;
			files = (
			);
			runOnlyForDeploymentPostprocessing = 0;
		};
/* End PBXResourcesBuildPhase section */

/* Begin PBXSourcesBuildPhase section */
		809E85142C785DBA007721DC /* Sources */ = {
			isa = PBXSourcesBuildPhase;
			buildActionMask = 2147483647;
			files = (
			);
			runOnlyForDeploymentPostprocessing = 0;
		};
		809E85242C785DBB007721DC /* Sources */ = {
			isa = PBXSourcesBuildPhase;
			buildActionMask = 2147483647;
			files = (
			);
			runOnlyForDeploymentPostprocessing = 0;
		};
		809E852E2C785DBB007721DC /* Sources */ = {
			isa = PBXSourcesBuildPhase;
			buildActionMask = 2147483647;
			files = (
			);
			runOnlyForDeploymentPostprocessing = 0;
		};
/* End PBXSourcesBuildPhase section */

/* Begin PBXTargetDependency section */
		809E852A2C785DBB007721DC /* PBXTargetDependency */ = {
			isa = PBXTargetDependency;
			target = 809E85172C785DBA007721DC /* AppleLandmarks */;
			targetProxy = 809E85292C785DBB007721DC /* PBXContainerItemProxy */;
		};
		809E85342C785DBB007721DC /* PBXTargetDependency */ = {
			isa = PBXTargetDependency;
			target = 809E85172C785DBA007721DC /* AppleLandmarks */;
			targetProxy = 809E85332C785DBB007721DC /* PBXContainerItemProxy */;
		};
/* End PBXTargetDependency section */

/* Begin XCBuildConfiguration section */
		809E853A2C785DBB007721DC /* Debug */ = {
			isa = XCBuildConfiguration;
			buildSettings = {
				ALWAYS_SEARCH_USER_PATHS = NO;
				ASSETCATALOG_COMPILER_GENERATE_SWIFT_ASSET_SYMBOL_EXTENSIONS = YES;
				CLANG_ANALYZER_NONNULL = YES;
				CLANG_ANALYZER_NUMBER_OBJECT_CONVERSION = YES_AGGRESSIVE;
				CLANG_CXX_LANGUAGE_STANDARD = "gnu++20";
				CLANG_ENABLE_MODULES = YES;
				CLANG_ENABLE_OBJC_ARC = YES;
				CLANG_ENABLE_OBJC_WEAK = YES;
				CLANG_WARN_BLOCK_CAPTURE_AUTORELEASING = YES;
				CLANG_WARN_BOOL_CONVERSION = YES;
				CLANG_WARN_COMMA = YES;
				CLANG_WARN_CONSTANT_CONVERSION = YES;
				CLANG_WARN_DEPRECATED_OBJC_IMPLEMENTATIONS = YES;
				CLANG_WARN_DIRECT_OBJC_ISA_USAGE = YES_ERROR;
				CLANG_WARN_DOCUMENTATION_COMMENTS = YES;
				CLANG_WARN_EMPTY_BODY = YES;
				CLANG_WARN_ENUM_CONVERSION = YES;
				CLANG_WARN_INFINITE_RECURSION = YES;
				CLANG_WARN_INT_CONVERSION = YES;
				CLANG_WARN_NON_LITERAL_NULL_CONVERSION = YES;
				CLANG_WARN_OBJC_IMPLICIT_RETAIN_SELF = YES;
				CLANG_WARN_OBJC_LITERAL_CONVERSION = YES;
				CLANG_WARN_OBJC_ROOT_CLASS = YES_ERROR;
				CLANG_WARN_QUOTED_INCLUDE_IN_FRAMEWORK_HEADER = YES;
				CLANG_WARN_RANGE_LOOP_ANALYSIS = YES;
				CLANG_WARN_STRICT_PROTOTYPES = YES;
				CLANG_WARN_SUSPICIOUS_MOVE = YES;
				CLANG_WARN_UNGUARDED_AVAILABILITY = YES_AGGRESSIVE;
				CLANG_WARN_UNREACHABLE_CODE = YES;
				CLANG_WARN__DUPLICATE_METHOD_MATCH = YES;
				COPY_PHASE_STRIP = NO;
				DEBUG_INFORMATION_FORMAT = dwarf;
				ENABLE_STRICT_OBJC_MSGSEND = YES;
				ENABLE_TESTABILITY = YES;
				ENABLE_USER_SCRIPT_SANDBOXING = YES;
				GCC_C_LANGUAGE_STANDARD = gnu17;
				GCC_DYNAMIC_NO_PIC = NO;
				GCC_NO_COMMON_BLOCKS = YES;
				GCC_OPTIMIZATION_LEVEL = 0;
				GCC_PREPROCESSOR_DEFINITIONS = (
					"DEBUG=1",
					"$(inherited)",
				);
				GCC_WARN_64_TO_32_BIT_CONVERSION = YES;
				GCC_WARN_ABOUT_RETURN_TYPE = YES_ERROR;
				GCC_WARN_UNDECLARED_SELECTOR = YES;
				GCC_WARN_UNINITIALIZED_AUTOS = YES_AGGRESSIVE;
				GCC_WARN_UNUSED_FUNCTION = YES;
				GCC_WARN_UNUSED_VARIABLE = YES;
				IPHONEOS_DEPLOYMENT_TARGET = 18.1;
				LOCALIZATION_PREFERS_STRING_CATALOGS = YES;
				MTL_ENABLE_DEBUG_INFO = INCLUDE_SOURCE;
				MTL_FAST_MATH = YES;
				ONLY_ACTIVE_ARCH = YES;
				SDKROOT = iphoneos;
				SWIFT_ACTIVE_COMPILATION_CONDITIONS = "DEBUG $(inherited)";
				SWIFT_OPTIMIZATION_LEVEL = "-Onone";
			};
			name = Debug;
		};
		809E853B2C785DBB007721DC /* Release */ = {
			isa = XCBuildConfiguration;
			buildSettings = {
				ALWAYS_SEARCH_USER_PATHS = NO;
				ASSETCATALOG_COMPILER_GENERATE_SWIFT_ASSET_SYMBOL_EXTENSIONS = YES;
				CLANG_ANALYZER_NONNULL = YES;
				CLANG_ANALYZER_NUMBER_OBJECT_CONVERSION = YES_AGGRESSIVE;
				CLANG_CXX_LANGUAGE_STANDARD = "gnu++20";
				CLANG_ENABLE_MODULES = YES;
				CLANG_ENABLE_OBJC_ARC = YES;
				CLANG_ENABLE_OBJC_WEAK = YES;
				CLANG_WARN_BLOCK_CAPTURE_AUTORELEASING = YES;
				CLANG_WARN_BOOL_CONVERSION = YES;
				CLANG_WARN_COMMA = YES;
				CLANG_WARN_CONSTANT_CONVERSION = YES;
				CLANG_WARN_DEPRECATED_OBJC_IMPLEMENTATIONS = YES;
				CLANG_WARN_DIRECT_OBJC_ISA_USAGE = YES_ERROR;
				CLANG_WARN_DOCUMENTATION_COMMENTS = YES;
				CLANG_WARN_EMPTY_BODY = YES;
				CLANG_WARN_ENUM_CONVERSION = YES;
				CLANG_WARN_INFINITE_RECURSION = YES;
				CLANG_WARN_INT_CONVERSION = YES;
				CLANG_WARN_NON_LITERAL_NULL_CONVERSION = YES;
				CLANG_WARN_OBJC_IMPLICIT_RETAIN_SELF = YES;
				CLANG_WARN_OBJC_LITERAL_CONVERSION = YES;
				CLANG_WARN_OBJC_ROOT_CLASS = YES_ERROR;
				CLANG_WARN_QUOTED_INCLUDE_IN_FRAMEWORK_HEADER = YES;
				CLANG_WARN_RANGE_LOOP_ANALYSIS = YES;
				CLANG_WARN_STRICT_PROTOTYPES = YES;
				CLANG_WARN_SUSPICIOUS_MOVE = YES;
				CLANG_WARN_UNGUARDED_AVAILABILITY = YES_AGGRESSIVE;
				CLANG_WARN_UNREACHABLE_CODE = YES;
				CLANG_WARN__DUPLICATE_METHOD_MATCH = YES;
				COPY_PHASE_STRIP = NO;
				DEBUG_INFORMATION_FORMAT = "dwarf-with-dsym";
				ENABLE_NS_ASSERTIONS = NO;
				ENABLE_STRICT_OBJC_MSGSEND = YES;
				ENABLE_USER_SCRIPT_SANDBOXING = YES;
				GCC_C_LANGUAGE_STANDARD = gnu17;
				GCC_NO_COMMON_BLOCKS = YES;
				GCC_WARN_64_TO_32_BIT_CONVERSION = YES;
				GCC_WARN_ABOUT_RETURN_TYPE = YES_ERROR;
				GCC_WARN_UNDECLARED_SELECTOR = YES;
				GCC_WARN_UNINITIALIZED_AUTOS = YES_AGGRESSIVE;
				GCC_WARN_UNUSED_FUNCTION = YES;
				GCC_WARN_UNUSED_VARIABLE = YES;
				IPHONEOS_DEPLOYMENT_TARGET = 18.1;
				LOCALIZATION_PREFERS_STRING_CATALOGS = YES;
				MTL_ENABLE_DEBUG_INFO = NO;
				MTL_FAST_MATH = YES;
				SDKROOT = iphoneos;
				SWIFT_COMPILATION_MODE = wholemodule;
				VALIDATE_PRODUCT = YES;
			};
			name = Release;
		};
		809E853D2C785DBB007721DC /* Debug */ = {
			isa = XCBuildConfiguration;
			buildSettings = {
				ASSETCATALOG_COMPILER_APPICON_NAME = AppIcon;
				ASSETCATALOG_COMPILER_GLOBAL_ACCENT_COLOR_NAME = AccentColor;
				CODE_SIGN_STYLE = Automatic;
				CURRENT_PROJECT_VERSION = 1;
				DEVELOPMENT_ASSET_PATHS = "\"AppleLandmarks/Preview Content\"";
				ENABLE_PREVIEWS = YES;
				GENERATE_INFOPLIST_FILE = YES;
				INFOPLIST_KEY_UIApplicationSceneManifest_Generation = YES;
				INFOPLIST_KEY_UIApplicationSupportsIndirectInputEvents = YES;
				INFOPLIST_KEY_UILaunchScreen_Generation = YES;
				INFOPLIST_KEY_UISupportedInterfaceOrientations_iPad = "UIInterfaceOrientationPortrait UIInterfaceOrientationPortraitUpsideDown UIInterfaceOrientationLandscapeLeft UIInterfaceOrientationLandscapeRight";
				INFOPLIST_KEY_UISupportedInterfaceOrientations_iPhone = "UIInterfaceOrientationPortrait UIInterfaceOrientationLandscapeLeft UIInterfaceOrientationLandscapeRight";
				LD_RUNPATH_SEARCH_PATHS = (
					"$(inherited)",
					"@executable_path/Frameworks",
				);
				MARKETING_VERSION = 1.0;
				PRODUCT_BUNDLE_IDENTIFIER = com.example.AppleLandmarks;
				PRODUCT_NAME = "$(TARGET_NAME)";
				SWIFT_EMIT_LOC_STRINGS = YES;
				SWIFT_VERSION = 5.0;
				TARGETED_DEVICE_FAMILY = "1,2";
			};
			name = Debug;
		};
		809E853E2C785DBB007721DC /* Release */ = {
			isa = XCBuildConfiguration;
			buildSettings = {
				ASSETCATALOG_COMPILER_APPICON_NAME = AppIcon;
				ASSETCATALOG_COMPILER_GLOBAL_ACCENT_COLOR_NAME = AccentColor;
				CODE_SIGN_STYLE = Automatic;
				CURRENT_PROJECT_VERSION = 1;
				DEVELOPMENT_ASSET_PATHS = "\"AppleLandmarks/Preview Content\"";
				ENABLE_PREVIEWS = YES;
				GENERATE_INFOPLIST_FILE = YES;
				INFOPLIST_KEY_UIApplicationSceneManifest_Generation = YES;
				INFOPLIST_KEY_UIApplicationSupportsIndirectInputEvents = YES;
				INFOPLIST_KEY_UILaunchScreen_Generation = YES;
				INFOPLIST_KEY_UISupportedInterfaceOrientations_iPad = "UIInterfaceOrientationPortrait UIInterfaceOrientationPortraitUpsideDown UIInterfaceOrientationLandscapeLeft UIInterfaceOrientationLandscapeRight";
				INFOPLIST_KEY_UISupportedInterfaceOrientations_iPhone = "UIInterfaceOrientationPortrait UIInterfaceOrientationLandscapeLeft UIInterfaceOrientationLandscapeRight";
				LD_RUNPATH_SEARCH_PATHS = (
					"$(inherited)",
					"@executable_path/Frameworks",
				);
				MARKETING_VERSION = 1.0;
				PRODUCT_BUNDLE_IDENTIFIER = com.example.AppleLandmarks;
				PRODUCT_NAME = "$(TARGET_NAME)";
				SWIFT_EMIT_LOC_STRINGS = YES;
				SWIFT_VERSION = 5.0;
				TARGETED_DEVICE_FAMILY = "1,2";
			};
			name = Release;
		};
		809E85402C785DBB007721DC /* Debug */ = {
			isa = XCBuildConfiguration;
			buildSettings = {
				BUNDLE_LOADER = "$(TEST_HOST)";
				CODE_SIGN_STYLE = Automatic;
				CURRENT_PROJECT_VERSION = 1;
				GENERATE_INFOPLIST_FILE = YES;
				IPHONEOS_DEPLOYMENT_TARGET = 18.1;
				MARKETING_VERSION = 1.0;
				PRODUCT_BUNDLE_IDENTIFIER = com.example.AppleLandmarksTests;
				PRODUCT_NAME = "$(TARGET_NAME)";
				SWIFT_EMIT_LOC_STRINGS = NO;
				SWIFT_VERSION = 5.0;
				TARGETED_DEVICE_FAMILY = "1,2";
				TEST_HOST = "$(BUILT_PRODUCTS_DIR)/AppleLandmarks.app/$(BUNDLE_EXECUTABLE_FOLDER_PATH)/AppleLandmarks";
			};
			name = Debug;
		};
		809E85412C785DBB007721DC /* Release */ = {
			isa = XCBuildConfiguration;
			buildSettings = {
				BUNDLE_LOADER = "$(TEST_HOST)";
				CODE_SIGN_STYLE = Automatic;
				CURRENT_PROJECT_VERSION = 1;
				GENERATE_INFOPLIST_FILE = YES;
				IPHONEOS_DEPLOYMENT_TARGET = 18.1;
				MARKETING_VERSION = 1.0;
				PRODUCT_BUNDLE_IDENTIFIER = com.example.AppleLandmarksTests;
				PRODUCT_NAME = "$(TARGET_NAME)";
				SWIFT_EMIT_LOC_STRINGS = NO;
				SWIFT_VERSION = 5.0;
				TARGETED_DEVICE_FAMILY = "1,2";
				TEST_HOST = "$(BUILT_PRODUCTS_DIR)/AppleLandmarks.app/$(BUNDLE_EXECUTABLE_FOLDER_PATH)/AppleLandmarks";
			};
			name = Release;
		};
		809E85432C785DBB007721DC /* Debug */ = {
			isa = XCBuildConfiguration;
			buildSettings = {
				CODE_SIGN_STYLE = Automatic;
				CURRENT_PROJECT_VERSION = 1;
				GENERATE_INFOPLIST_FILE = YES;
				MARKETING_VERSION = 1.0;
				PRODUCT_BUNDLE_IDENTIFIER = com.example.AppleLandmarksUITests;
				PRODUCT_NAME = "$(TARGET_NAME)";
				SWIFT_EMIT_LOC_STRINGS = NO;
				SWIFT_VERSION = 5.0;
				TARGETED_DEVICE_FAMILY = "1,2";
				TEST_TARGET_NAME = AppleLandmarks;
			};
			name = Debug;
		};
		809E85442C785DBB007721DC /* Release */ = {
			isa = XCBuildConfiguration;
			buildSettings = {
				CODE_SIGN_STYLE = Automatic;
				CURRENT_PROJECT_VERSION = 1;
				GENERATE_INFOPLIST_FILE = YES;
				MARKETING_VERSION = 1.0;
				PRODUCT_BUNDLE_IDENTIFIER = com.example.AppleLandmarksUITests;
				PRODUCT_NAME = "$(TARGET_NAME)";
				SWIFT_EMIT_LOC_STRINGS = NO;
				SWIFT_VERSION = 5.0;
				TARGETED_DEVICE_FAMILY = "1,2";
				TEST_TARGET_NAME = AppleLandmarks;
			};
			name = Release;
		};
/* End XCBuildConfiguration section */

/* Begin XCConfigurationList section */
		809E85132C785DBA007721DC /* Build configuration list for PBXProject "AppleLandmarks" */ = {
			isa = XCConfigurationList;
			buildConfigurations = (
				809E853A2C785DBB007721DC /* Debug */,
				809E853B2C785DBB007721DC /* Release */,
			);
			defaultConfigurationIsVisible = 0;
			defaultConfigurationName = Release;
		};
		809E853C2C785DBB007721DC /* Build configuration list for PBXNativeTarget "AppleLandmarks" */ = {
			isa = XCConfigurationList;
			buildConfigurations = (
				809E853D2C785DBB007721DC /* Debug */,
				809E853E2C785DBB007721DC /* Release */,
			);
			defaultConfigurationIsVisible = 0;
			defaultConfigurationName = Release;
		};
		809E853F2C785DBB007721DC /* Build configuration list for PBXNativeTarget "AppleLandmarksTests" */ = {
			isa = XCConfigurationList;
			buildConfigurations = (
				809E85402C785DBB007721DC /* Debug */,
				809E85412C785DBB007721DC /* Release */,
			);
			defaultConfigurationIsVisible = 0;
			defaultConfigurationName = Release;
		};
		809E85422C785DBB007721DC /* Build configuration list for PBXNativeTarget "AppleLandmarksUITests" */ = {
			isa = XCConfigurationList;
			buildConfigurations = (
				809E85432C785DBB007721DC /* Debug */,
				809E85442C785DBB007721DC /* Release */,
			);
			defaultConfigurationIsVisible = 0;
			defaultConfigurationName = Release;
		};
/* End XCConfigurationList section */
	};
	rootObject = 809E85102C785DBA007721DC /* Project object */;
}
